
Microsoft Visual Studio Solution File, Format Version 12.00
Project("{FAE04EC0-301F-11D3-BF4B-00C04F79EFBC}") = "FluentAPI", "FluentAPI\FluentAPI.csproj", "{83C4C7A4-E394-4CEE-A17C-2B3FF408DC53}"
EndProject
Project("{FAE04EC0-301F-11D3-BF4B-00C04F79EFBC}") = "FluentAPI.Infrustructure", "FluentAPI.Infrustructure\FluentAPI.Infrustructure.csproj", "{E0FE64C3-1400-4829-932A-B00370CF7958}"
EndProject
Project("{FAE04EC0-301F-11D3-BF4B-00C04F79EFBC}") = "FluentAPI.ApplicationCore", "FluentAPI.ApplicationCore\FluentAPI.ApplicationCore.csproj", "{A927F44B-36DB-4FF9-9024-15436401359F}"
EndProject
Global
	GlobalSection(SolutionConfigurationPlatforms) = preSolution
		Debug|Any CPU = Debug|Any CPU
		Release|Any CPU = Release|Any CPU
	EndGlobalSection
	GlobalSection(ProjectConfigurationPlatforms) = postSolution
		{83C4C7A4-E394-4CEE-A17C-2B3FF408DC53}.Debug|Any CPU.ActiveCfg = Debug|Any CPU
		{83C4C7A4-E394-4CEE-A17C-2B3FF408DC53}.Debug|Any CPU.Build.0 = Debug|Any CPU
		{83C4C7A4-E394-4CEE-A17C-2B3FF408DC53}.Release|Any CPU.ActiveCfg = Release|Any CPU
		{83C4C7A4-E394-4CEE-A17C-2B3FF408DC53}.Release|Any CPU.Build.0 = Release|Any CPU
		{E0FE64C3-1400-4829-932A-B00370CF7958}.Debug|Any CPU.ActiveCfg = Debug|Any CPU
		{E0FE64C3-1400-4829-932A-B00370CF7958}.Debug|Any CPU.Build.0 = Debug|Any CPU
		{E0FE64C3-1400-4829-932A-B00370CF7958}.Release|Any CPU.ActiveCfg = Release|Any CPU
		{E0FE64C3-1400-4829-932A-B00370CF7958}.Release|Any CPU.Build.0 = Release|Any CPU
		{A927F44B-36DB-4FF9-9024-15436401359F}.Debug|Any CPU.ActiveCfg = Debug|Any CPU
		{A927F44B-36DB-4FF9-9024-15436401359F}.Debug|Any CPU.Build.0 = Debug|Any CPU
		{A927F44B-36DB-4FF9-9024-15436401359F}.Release|Any CPU.ActiveCfg = Release|Any CPU
		{A927F44B-36DB-4FF9-9024-15436401359F}.Release|Any CPU.Build.0 = Release|Any CPU
	EndGlobalSection
EndGlobal
